// !$*UTF8*$!
{
	archiveVersion = 1;
	classes = {
	};
	objectVersion = 56;
	objects = {

/* Begin PBXBuildFile section */
		A075290D2B1F33370068FD50 /* PlayerClass.swift in Sources */ = {isa = PBXBuildFile; fileRef = A075290C2B1F33370068FD50 /* PlayerClass.swift */; };
		A07529102B1F38CA0068FD50 /* ObjectClass.swift in Sources */ = {isa = PBXBuildFile; fileRef = A075290F2B1F38CA0068FD50 /* ObjectClass.swift */; };
		A0CDEDC42B1DD519006F7AD8 /* AppDelegate.swift in Sources */ = {isa = PBXBuildFile; fileRef = A0CDEDC32B1DD519006F7AD8 /* AppDelegate.swift */; };
		A0CDEDC62B1DD519006F7AD8 /* GameScene.sks in Resources */ = {isa = PBXBuildFile; fileRef = A0CDEDC52B1DD519006F7AD8 /* GameScene.sks */; };
		A0CDEDC82B1DD519006F7AD8 /* Actions.sks in Resources */ = {isa = PBXBuildFile; fileRef = A0CDEDC72B1DD519006F7AD8 /* Actions.sks */; };
		A0CDEDCA2B1DD519006F7AD8 /* GameScene.swift in Sources */ = {isa = PBXBuildFile; fileRef = A0CDEDC92B1DD519006F7AD8 /* GameScene.swift */; };
		A0CDEDCC2B1DD519006F7AD8 /* GameViewController.swift in Sources */ = {isa = PBXBuildFile; fileRef = A0CDEDCB2B1DD519006F7AD8 /* GameViewController.swift */; };
		A0CDEDCF2B1DD519006F7AD8 /* Main.storyboard in Resources */ = {isa = PBXBuildFile; fileRef = A0CDEDCD2B1DD519006F7AD8 /* Main.storyboard */; };
		A0CDEDD12B1DD51A006F7AD8 /* Assets.xcassets in Resources */ = {isa = PBXBuildFile; fileRef = A0CDEDD02B1DD51A006F7AD8 /* Assets.xcassets */; };
		A0CDEDD42B1DD51A006F7AD8 /* LaunchScreen.storyboard in Resources */ = {isa = PBXBuildFile; fileRef = A0CDEDD22B1DD51A006F7AD8 /* LaunchScreen.storyboard */; };
		A0CDEDDE2B1DD51A006F7AD8 /* GameTestTests.swift in Sources */ = {isa = PBXBuildFile; fileRef = A0CDEDDD2B1DD51A006F7AD8 /* GameTestTests.swift */; };
		A0CDEDE82B1DD51A006F7AD8 /* GameTestUITests.swift in Sources */ = {isa = PBXBuildFile; fileRef = A0CDEDE72B1DD51A006F7AD8 /* GameTestUITests.swift */; };
		A0CDEDEA2B1DD51A006F7AD8 /* GameTestUITestsLaunchTests.swift in Sources */ = {isa = PBXBuildFile; fileRef = A0CDEDE92B1DD51A006F7AD8 /* GameTestUITestsLaunchTests.swift */; };
		DA9309FE2B289AD900BC1A21 /* Music.mp3 in Resources */ = {isa = PBXBuildFile; fileRef = DA9309FD2B289AD900BC1A21 /* Music.mp3 */; };
		DA930A002B28A13100BC1A21 /* Jump Effect.mp3 in Resources */ = {isa = PBXBuildFile; fileRef = DA9309FF2B28A13100BC1A21 /* Jump Effect.mp3 */; };
		DAC6BAF72B2867D000857506 /* GameOverScene.swift in Sources */ = {isa = PBXBuildFile; fileRef = DAC6BAF62B2867D000857506 /* GameOverScene.swift */; };
		DAF2CADA2B3042DC0066CF53 /* PixelifySans-Medium.ttf in Resources */ = {isa = PBXBuildFile; fileRef = DAF2CAD92B3042DC0066CF53 /* PixelifySans-Medium.ttf */; };
		DAF2CADF2B3044630066CF53 /* pickupCoin.mp3 in Resources */ = {isa = PBXBuildFile; fileRef = DAF2CADE2B3044630066CF53 /* pickupCoin.mp3 */; };
		DAF2CAE42B3046840066CF53 /* HomeScreenScene.swift in Sources */ = {isa = PBXBuildFile; fileRef = DAF2CAE32B3046840066CF53 /* HomeScreenScene.swift */; };
		DAF2CAE82B304D240066CF53 /* fallSound.mp3 in Resources */ = {isa = PBXBuildFile; fileRef = DAF2CAE62B304D230066CF53 /* fallSound.mp3 */; };
		DAF2CAE92B304D240066CF53 /* Yahoo.mp3 in Resources */ = {isa = PBXBuildFile; fileRef = DAF2CAE72B304D240066CF53 /* Yahoo.mp3 */; };
/* End PBXBuildFile section */

/* Begin PBXContainerItemProxy section */
		A0CDEDDA2B1DD51A006F7AD8 /* PBXContainerItemProxy */ = {
			isa = PBXContainerItemProxy;
			containerPortal = A0CDEDB82B1DD519006F7AD8 /* Project object */;
			proxyType = 1;
			remoteGlobalIDString = A0CDEDBF2B1DD519006F7AD8;
			remoteInfo = GameTest;
		};
		A0CDEDE42B1DD51A006F7AD8 /* PBXContainerItemProxy */ = {
			isa = PBXContainerItemProxy;
			containerPortal = A0CDEDB82B1DD519006F7AD8 /* Project object */;
			proxyType = 1;
			remoteGlobalIDString = A0CDEDBF2B1DD519006F7AD8;
			remoteInfo = GameTest;
		};
/* End PBXContainerItemProxy section */

/* Begin PBXFileReference section */
		A075290C2B1F33370068FD50 /* PlayerClass.swift */ = {isa = PBXFileReference; lastKnownFileType = sourcecode.swift; path = PlayerClass.swift; sourceTree = "<group>"; };
		A075290F2B1F38CA0068FD50 /* ObjectClass.swift */ = {isa = PBXFileReference; lastKnownFileType = sourcecode.swift; path = ObjectClass.swift; sourceTree = "<group>"; };
		A0CDEDC02B1DD519006F7AD8 /* GameTest.app */ = {isa = PBXFileReference; explicitFileType = wrapper.application; includeInIndex = 0; path = GameTest.app; sourceTree = BUILT_PRODUCTS_DIR; };
		A0CDEDC32B1DD519006F7AD8 /* AppDelegate.swift */ = {isa = PBXFileReference; lastKnownFileType = sourcecode.swift; path = AppDelegate.swift; sourceTree = "<group>"; };
		A0CDEDC52B1DD519006F7AD8 /* GameScene.sks */ = {isa = PBXFileReference; lastKnownFileType = file.sks; path = GameScene.sks; sourceTree = "<group>"; };
		A0CDEDC72B1DD519006F7AD8 /* Actions.sks */ = {isa = PBXFileReference; lastKnownFileType = file.sks; path = Actions.sks; sourceTree = "<group>"; };
		A0CDEDC92B1DD519006F7AD8 /* GameScene.swift */ = {isa = PBXFileReference; lastKnownFileType = sourcecode.swift; path = GameScene.swift; sourceTree = "<group>"; };
		A0CDEDCB2B1DD519006F7AD8 /* GameViewController.swift */ = {isa = PBXFileReference; lastKnownFileType = sourcecode.swift; path = GameViewController.swift; sourceTree = "<group>"; };
		A0CDEDCE2B1DD519006F7AD8 /* Base */ = {isa = PBXFileReference; lastKnownFileType = file.storyboard; name = Base; path = Base.lproj/Main.storyboard; sourceTree = "<group>"; };
		A0CDEDD02B1DD51A006F7AD8 /* Assets.xcassets */ = {isa = PBXFileReference; lastKnownFileType = folder.assetcatalog; path = Assets.xcassets; sourceTree = "<group>"; };
		A0CDEDD32B1DD51A006F7AD8 /* Base */ = {isa = PBXFileReference; lastKnownFileType = file.storyboard; name = Base; path = Base.lproj/LaunchScreen.storyboard; sourceTree = "<group>"; };
		A0CDEDD92B1DD51A006F7AD8 /* GameTestTests.xctest */ = {isa = PBXFileReference; explicitFileType = wrapper.cfbundle; includeInIndex = 0; path = GameTestTests.xctest; sourceTree = BUILT_PRODUCTS_DIR; };
		A0CDEDDD2B1DD51A006F7AD8 /* GameTestTests.swift */ = {isa = PBXFileReference; lastKnownFileType = sourcecode.swift; path = GameTestTests.swift; sourceTree = "<group>"; };
		A0CDEDE32B1DD51A006F7AD8 /* GameTestUITests.xctest */ = {isa = PBXFileReference; explicitFileType = wrapper.cfbundle; includeInIndex = 0; path = GameTestUITests.xctest; sourceTree = BUILT_PRODUCTS_DIR; };
		A0CDEDE72B1DD51A006F7AD8 /* GameTestUITests.swift */ = {isa = PBXFileReference; lastKnownFileType = sourcecode.swift; path = GameTestUITests.swift; sourceTree = "<group>"; };
		A0CDEDE92B1DD51A006F7AD8 /* GameTestUITestsLaunchTests.swift */ = {isa = PBXFileReference; lastKnownFileType = sourcecode.swift; path = GameTestUITestsLaunchTests.swift; sourceTree = "<group>"; };
		DA9309FD2B289AD900BC1A21 /* Music.mp3 */ = {isa = PBXFileReference; lastKnownFileType = audio.mp3; path = Music.mp3; sourceTree = "<group>"; };
		DA9309FF2B28A13100BC1A21 /* Jump Effect.mp3 */ = {isa = PBXFileReference; lastKnownFileType = audio.mp3; path = "Jump Effect.mp3"; sourceTree = "<group>"; };
		DAC6BAF62B2867D000857506 /* GameOverScene.swift */ = {isa = PBXFileReference; lastKnownFileType = sourcecode.swift; path = GameOverScene.swift; sourceTree = "<group>"; };
		DAD8F62B2B24BDB50005018D /* info_plist.xcconfig */ = {isa = PBXFileReference; lastKnownFileType = text.xcconfig; path = info_plist.xcconfig; sourceTree = "<group>"; };
		DAF2CAD92B3042DC0066CF53 /* PixelifySans-Medium.ttf */ = {isa = PBXFileReference; lastKnownFileType = file; path = "PixelifySans-Medium.ttf"; sourceTree = "<group>"; };
		DAF2CADB2B3043430066CF53 /* Info.plist */ = {isa = PBXFileReference; lastKnownFileType = text.plist.xml; path = Info.plist; sourceTree = "<group>"; };
		DAF2CADE2B3044630066CF53 /* pickupCoin.mp3 */ = {isa = PBXFileReference; lastKnownFileType = audio.mp3; path = pickupCoin.mp3; sourceTree = "<group>"; };
		DAF2CAE32B3046840066CF53 /* HomeScreenScene.swift */ = {isa = PBXFileReference; lastKnownFileType = sourcecode.swift; path = HomeScreenScene.swift; sourceTree = "<group>"; };
		DAF2CAE62B304D230066CF53 /* fallSound.mp3 */ = {isa = PBXFileReference; lastKnownFileType = audio.mp3; path = fallSound.mp3; sourceTree = "<group>"; };
		DAF2CAE72B304D240066CF53 /* Yahoo.mp3 */ = {isa = PBXFileReference; lastKnownFileType = audio.mp3; path = Yahoo.mp3; sourceTree = "<group>"; };
/* End PBXFileReference section */

/* Begin PBXFrameworksBuildPhase section */
		A0CDEDBD2B1DD519006F7AD8 /* Frameworks */ = {
			isa = PBXFrameworksBuildPhase;
			buildActionMask = 2147483647;
			files = (
			);
			runOnlyForDeploymentPostprocessing = 0;
		};
		A0CDEDD62B1DD51A006F7AD8 /* Frameworks */ = {
			isa = PBXFrameworksBuildPhase;
			buildActionMask = 2147483647;
			files = (
			);
			runOnlyForDeploymentPostprocessing = 0;
		};
		A0CDEDE02B1DD51A006F7AD8 /* Frameworks */ = {
			isa = PBXFrameworksBuildPhase;
			buildActionMask = 2147483647;
			files = (
			);
			runOnlyForDeploymentPostprocessing = 0;
		};
/* End PBXFrameworksBuildPhase section */

/* Begin PBXGroup section */
		A075290E2B1F35430068FD50 /* GameClasses */ = {
			isa = PBXGroup;
			children = (
				A075290F2B1F38CA0068FD50 /* ObjectClass.swift */,
				A075290C2B1F33370068FD50 /* PlayerClass.swift */,
			);
			path = GameClasses;
			sourceTree = "<group>";
		};
		A0CDEDB72B1DD519006F7AD8 = {
			isa = PBXGroup;
			children = (
				A0CDEDC22B1DD519006F7AD8 /* GameTest */,
				A075290E2B1F35430068FD50 /* GameClasses */,
				A0CDEDDC2B1DD51A006F7AD8 /* GameTestTests */,
				A0CDEDE62B1DD51A006F7AD8 /* GameTestUITests */,
				A0CDEDC12B1DD519006F7AD8 /* Products */,
			);
			sourceTree = "<group>";
		};
		A0CDEDC12B1DD519006F7AD8 /* Products */ = {
			isa = PBXGroup;
			children = (
				A0CDEDC02B1DD519006F7AD8 /* GameTest.app */,
				A0CDEDD92B1DD51A006F7AD8 /* GameTestTests.xctest */,
				A0CDEDE32B1DD51A006F7AD8 /* GameTestUITests.xctest */,
			);
			name = Products;
			sourceTree = "<group>";
		};
		A0CDEDC22B1DD519006F7AD8 /* GameTest */ = {
			isa = PBXGroup;
			children = (
				DAF2CADB2B3043430066CF53 /* Info.plist */,
				DAF2CAD92B3042DC0066CF53 /* PixelifySans-Medium.ttf */,
				A0CDEDC32B1DD519006F7AD8 /* AppDelegate.swift */,
				A0CDEDC52B1DD519006F7AD8 /* GameScene.sks */,
				A0CDEDC72B1DD519006F7AD8 /* Actions.sks */,
				DAF2CAE32B3046840066CF53 /* HomeScreenScene.swift */,
				A0CDEDC92B1DD519006F7AD8 /* GameScene.swift */,
				A0CDEDCB2B1DD519006F7AD8 /* GameViewController.swift */,
				DAC6BAF62B2867D000857506 /* GameOverScene.swift */,
				A0CDEDCD2B1DD519006F7AD8 /* Main.storyboard */,
				DA9309FD2B289AD900BC1A21 /* Music.mp3 */,
				DAF2CAE62B304D230066CF53 /* fallSound.mp3 */,
				DAF2CAE72B304D240066CF53 /* Yahoo.mp3 */,
				DAF2CADE2B3044630066CF53 /* pickupCoin.mp3 */,
				DA9309FF2B28A13100BC1A21 /* Jump Effect.mp3 */,
				A0CDEDD02B1DD51A006F7AD8 /* Assets.xcassets */,
				A0CDEDD22B1DD51A006F7AD8 /* LaunchScreen.storyboard */,
				DAD8F62B2B24BDB50005018D /* info_plist.xcconfig */,
			);
			path = GameTest;
			sourceTree = "<group>";
		};
		A0CDEDDC2B1DD51A006F7AD8 /* GameTestTests */ = {
			isa = PBXGroup;
			children = (
				A0CDEDDD2B1DD51A006F7AD8 /* GameTestTests.swift */,
			);
			path = GameTestTests;
			sourceTree = "<group>";
		};
		A0CDEDE62B1DD51A006F7AD8 /* GameTestUITests */ = {
			isa = PBXGroup;
			children = (
				A0CDEDE72B1DD51A006F7AD8 /* GameTestUITests.swift */,
				A0CDEDE92B1DD51A006F7AD8 /* GameTestUITestsLaunchTests.swift */,
			);
			path = GameTestUITests;
			sourceTree = "<group>";
		};
/* End PBXGroup section */

/* Begin PBXNativeTarget section */
		A0CDEDBF2B1DD519006F7AD8 /* GameTest */ = {
			isa = PBXNativeTarget;
			buildConfigurationList = A0CDEDED2B1DD51A006F7AD8 /* Build configuration list for PBXNativeTarget "GameTest" */;
			buildPhases = (
				A0CDEDBC2B1DD519006F7AD8 /* Sources */,
				A0CDEDBD2B1DD519006F7AD8 /* Frameworks */,
				A0CDEDBE2B1DD519006F7AD8 /* Resources */,
			);
			buildRules = (
			);
			dependencies = (
			);
			name = GameTest;
			productName = GameTest;
			productReference = A0CDEDC02B1DD519006F7AD8 /* GameTest.app */;
			productType = "com.apple.product-type.application";
		};
		A0CDEDD82B1DD51A006F7AD8 /* GameTestTests */ = {
			isa = PBXNativeTarget;
			buildConfigurationList = A0CDEDF02B1DD51A006F7AD8 /* Build configuration list for PBXNativeTarget "GameTestTests" */;
			buildPhases = (
				A0CDEDD52B1DD51A006F7AD8 /* Sources */,
				A0CDEDD62B1DD51A006F7AD8 /* Frameworks */,
				A0CDEDD72B1DD51A006F7AD8 /* Resources */,
			);
			buildRules = (
			);
			dependencies = (
				A0CDEDDB2B1DD51A006F7AD8 /* PBXTargetDependency */,
			);
			name = GameTestTests;
			productName = GameTestTests;
			productReference = A0CDEDD92B1DD51A006F7AD8 /* GameTestTests.xctest */;
			productType = "com.apple.product-type.bundle.unit-test";
		};
		A0CDEDE22B1DD51A006F7AD8 /* GameTestUITests */ = {
			isa = PBXNativeTarget;
			buildConfigurationList = A0CDEDF32B1DD51A006F7AD8 /* Build configuration list for PBXNativeTarget "GameTestUITests" */;
			buildPhases = (
				A0CDEDDF2B1DD51A006F7AD8 /* Sources */,
				A0CDEDE02B1DD51A006F7AD8 /* Frameworks */,
				A0CDEDE12B1DD51A006F7AD8 /* Resources */,
			);
			buildRules = (
			);
			dependencies = (
				A0CDEDE52B1DD51A006F7AD8 /* PBXTargetDependency */,
			);
			name = GameTestUITests;
			productName = GameTestUITests;
			productReference = A0CDEDE32B1DD51A006F7AD8 /* GameTestUITests.xctest */;
			productType = "com.apple.product-type.bundle.ui-testing";
		};
/* End PBXNativeTarget section */

/* Begin PBXProject section */
		A0CDEDB82B1DD519006F7AD8 /* Project object */ = {
			isa = PBXProject;
			attributes = {
				BuildIndependentTargetsInParallel = 1;
				LastSwiftUpdateCheck = 1500;
				LastUpgradeCheck = 1500;
				TargetAttributes = {
					A0CDEDBF2B1DD519006F7AD8 = {
						CreatedOnToolsVersion = 15.0;
					};
					A0CDEDD82B1DD51A006F7AD8 = {
						CreatedOnToolsVersion = 15.0;
						TestTargetID = A0CDEDBF2B1DD519006F7AD8;
					};
					A0CDEDE22B1DD51A006F7AD8 = {
						CreatedOnToolsVersion = 15.0;
						TestTargetID = A0CDEDBF2B1DD519006F7AD8;
					};
				};
			};
			buildConfigurationList = A0CDEDBB2B1DD519006F7AD8 /* Build configuration list for PBXProject "GameTest" */;
			compatibilityVersion = "Xcode 14.0";
			developmentRegion = en;
			hasScannedForEncodings = 0;
			knownRegions = (
				en,
				Base,
			);
			mainGroup = A0CDEDB72B1DD519006F7AD8;
			productRefGroup = A0CDEDC12B1DD519006F7AD8 /* Products */;
			projectDirPath = "";
			projectRoot = "";
			targets = (
				A0CDEDBF2B1DD519006F7AD8 /* GameTest */,
				A0CDEDD82B1DD51A006F7AD8 /* GameTestTests */,
				A0CDEDE22B1DD51A006F7AD8 /* GameTestUITests */,
			);
		};
/* End PBXProject section */

/* Begin PBXResourcesBuildPhase section */
		A0CDEDBE2B1DD519006F7AD8 /* Resources */ = {
			isa = PBXResourcesBuildPhase;
			buildActionMask = 2147483647;
			files = (
				DAF2CADA2B3042DC0066CF53 /* PixelifySans-Medium.ttf in Resources */,
				DA9309FE2B289AD900BC1A21 /* Music.mp3 in Resources */,
				DAF2CADF2B3044630066CF53 /* pickupCoin.mp3 in Resources */,
				DAF2CAE82B304D240066CF53 /* fallSound.mp3 in Resources */,
				A0CDEDCF2B1DD519006F7AD8 /* Main.storyboard in Resources */,
				A0CDEDC62B1DD519006F7AD8 /* GameScene.sks in Resources */,
				DA930A002B28A13100BC1A21 /* Jump Effect.mp3 in Resources */,
				A0CDEDD12B1DD51A006F7AD8 /* Assets.xcassets in Resources */,
				A0CDEDD42B1DD51A006F7AD8 /* LaunchScreen.storyboard in Resources */,
				DAF2CAE92B304D240066CF53 /* Yahoo.mp3 in Resources */,
				A0CDEDC82B1DD519006F7AD8 /* Actions.sks in Resources */,
			);
			runOnlyForDeploymentPostprocessing = 0;
		};
		A0CDEDD72B1DD51A006F7AD8 /* Resources */ = {
			isa = PBXResourcesBuildPhase;
			buildActionMask = 2147483647;
			files = (
			);
			runOnlyForDeploymentPostprocessing = 0;
		};
		A0CDEDE12B1DD51A006F7AD8 /* Resources */ = {
			isa = PBXResourcesBuildPhase;
			buildActionMask = 2147483647;
			files = (
			);
			runOnlyForDeploymentPostprocessing = 0;
		};
/* End PBXResourcesBuildPhase section */

/* Begin PBXSourcesBuildPhase section */
		A0CDEDBC2B1DD519006F7AD8 /* Sources */ = {
			isa = PBXSourcesBuildPhase;
			buildActionMask = 2147483647;
			files = (
				A0CDEDCA2B1DD519006F7AD8 /* GameScene.swift in Sources */,
				DAF2CAE42B3046840066CF53 /* HomeScreenScene.swift in Sources */,
				A075290D2B1F33370068FD50 /* PlayerClass.swift in Sources */,
				A0CDEDCC2B1DD519006F7AD8 /* GameViewController.swift in Sources */,
				A0CDEDC42B1DD519006F7AD8 /* AppDelegate.swift in Sources */,
				DAC6BAF72B2867D000857506 /* GameOverScene.swift in Sources */,
				A07529102B1F38CA0068FD50 /* ObjectClass.swift in Sources */,
			);
			runOnlyForDeploymentPostprocessing = 0;
		};
		A0CDEDD52B1DD51A006F7AD8 /* Sources */ = {
			isa = PBXSourcesBuildPhase;
			buildActionMask = 2147483647;
			files = (
				A0CDEDDE2B1DD51A006F7AD8 /* GameTestTests.swift in Sources */,
			);
			runOnlyForDeploymentPostprocessing = 0;
		};
		A0CDEDDF2B1DD51A006F7AD8 /* Sources */ = {
			isa = PBXSourcesBuildPhase;
			buildActionMask = 2147483647;
			files = (
				A0CDEDEA2B1DD51A006F7AD8 /* GameTestUITestsLaunchTests.swift in Sources */,
				A0CDEDE82B1DD51A006F7AD8 /* GameTestUITests.swift in Sources */,
			);
			runOnlyForDeploymentPostprocessing = 0;
		};
/* End PBXSourcesBuildPhase section */

/* Begin PBXTargetDependency section */
		A0CDEDDB2B1DD51A006F7AD8 /* PBXTargetDependency */ = {
			isa = PBXTargetDependency;
			target = A0CDEDBF2B1DD519006F7AD8 /* GameTest */;
			targetProxy = A0CDEDDA2B1DD51A006F7AD8 /* PBXContainerItemProxy */;
		};
		A0CDEDE52B1DD51A006F7AD8 /* PBXTargetDependency */ = {
			isa = PBXTargetDependency;
			target = A0CDEDBF2B1DD519006F7AD8 /* GameTest */;
			targetProxy = A0CDEDE42B1DD51A006F7AD8 /* PBXContainerItemProxy */;
		};
/* End PBXTargetDependency section */

/* Begin PBXVariantGroup section */
		A0CDEDCD2B1DD519006F7AD8 /* Main.storyboard */ = {
			isa = PBXVariantGroup;
			children = (
				A0CDEDCE2B1DD519006F7AD8 /* Base */,
			);
			name = Main.storyboard;
			sourceTree = "<group>";
		};
		A0CDEDD22B1DD51A006F7AD8 /* LaunchScreen.storyboard */ = {
			isa = PBXVariantGroup;
			children = (
				A0CDEDD32B1DD51A006F7AD8 /* Base */,
			);
			name = LaunchScreen.storyboard;
			sourceTree = "<group>";
		};
/* End PBXVariantGroup section */

/* Begin XCBuildConfiguration section */
		A0CDEDEB2B1DD51A006F7AD8 /* Debug */ = {
			isa = XCBuildConfiguration;
			buildSettings = {
				ALWAYS_SEARCH_USER_PATHS = NO;
				ASSETCATALOG_COMPILER_GENERATE_SWIFT_ASSET_SYMBOL_EXTENSIONS = YES;
				CLANG_ANALYZER_NONNULL = YES;
				CLANG_ANALYZER_NUMBER_OBJECT_CONVERSION = YES_AGGRESSIVE;
				CLANG_CXX_LANGUAGE_STANDARD = "gnu++20";
				CLANG_ENABLE_MODULES = YES;
				CLANG_ENABLE_OBJC_ARC = YES;
				CLANG_ENABLE_OBJC_WEAK = YES;
				CLANG_WARN_BLOCK_CAPTURE_AUTORELEASING = YES;
				CLANG_WARN_BOOL_CONVERSION = YES;
				CLANG_WARN_COMMA = YES;
				CLANG_WARN_CONSTANT_CONVERSION = YES;
				CLANG_WARN_DEPRECATED_OBJC_IMPLEMENTATIONS = YES;
				CLANG_WARN_DIRECT_OBJC_ISA_USAGE = YES_ERROR;
				CLANG_WARN_DOCUMENTATION_COMMENTS = YES;
				CLANG_WARN_EMPTY_BODY = YES;
				CLANG_WARN_ENUM_CONVERSION = YES;
				CLANG_WARN_INFINITE_RECURSION = YES;
				CLANG_WARN_INT_CONVERSION = YES;
				CLANG_WARN_NON_LITERAL_NULL_CONVERSION = YES;
				CLANG_WARN_OBJC_IMPLICIT_RETAIN_SELF = YES;
				CLANG_WARN_OBJC_LITERAL_CONVERSION = YES;
				CLANG_WARN_OBJC_ROOT_CLASS = YES_ERROR;
				CLANG_WARN_QUOTED_INCLUDE_IN_FRAMEWORK_HEADER = YES;
				CLANG_WARN_RANGE_LOOP_ANALYSIS = YES;
				CLANG_WARN_STRICT_PROTOTYPES = YES;
				CLANG_WARN_SUSPICIOUS_MOVE = YES;
				CLANG_WARN_UNGUARDED_AVAILABILITY = YES_AGGRESSIVE;
				CLANG_WARN_UNREACHABLE_CODE = YES;
				CLANG_WARN__DUPLICATE_METHOD_MATCH = YES;
				COPY_PHASE_STRIP = NO;
				DEBUG_INFORMATION_FORMAT = dwarf;
				ENABLE_STRICT_OBJC_MSGSEND = YES;
				ENABLE_TESTABILITY = YES;
				ENABLE_USER_SCRIPT_SANDBOXING = YES;
				GCC_C_LANGUAGE_STANDARD = gnu17;
				GCC_DYNAMIC_NO_PIC = NO;
				GCC_NO_COMMON_BLOCKS = YES;
				GCC_OPTIMIZATION_LEVEL = 0;
				GCC_PREPROCESSOR_DEFINITIONS = (
					"DEBUG=1",
					"$(inherited)",
				);
				GCC_WARN_64_TO_32_BIT_CONVERSION = YES;
				GCC_WARN_ABOUT_RETURN_TYPE = YES_ERROR;
				GCC_WARN_UNDECLARED_SELECTOR = YES;
				GCC_WARN_UNINITIALIZED_AUTOS = YES_AGGRESSIVE;
				GCC_WARN_UNUSED_FUNCTION = YES;
				GCC_WARN_UNUSED_VARIABLE = YES;
				IPHONEOS_DEPLOYMENT_TARGET = 17.0;
				LOCALIZATION_PREFERS_STRING_CATALOGS = YES;
				MTL_ENABLE_DEBUG_INFO = INCLUDE_SOURCE;
				MTL_FAST_MATH = YES;
				ONLY_ACTIVE_ARCH = YES;
				SDKROOT = iphoneos;
				SWIFT_ACTIVE_COMPILATION_CONDITIONS = "DEBUG $(inherited)";
				SWIFT_OPTIMIZATION_LEVEL = "-Onone";
			};
			name = Debug;
		};
		A0CDEDEC2B1DD51A006F7AD8 /* Release */ = {
			isa = XCBuildConfiguration;
			buildSettings = {
				ALWAYS_SEARCH_USER_PATHS = NO;
				ASSETCATALOG_COMPILER_GENERATE_SWIFT_ASSET_SYMBOL_EXTENSIONS = YES;
				CLANG_ANALYZER_NONNULL = YES;
				CLANG_ANALYZER_NUMBER_OBJECT_CONVERSION = YES_AGGRESSIVE;
				CLANG_CXX_LANGUAGE_STANDARD = "gnu++20";
				CLANG_ENABLE_MODULES = YES;
				CLANG_ENABLE_OBJC_ARC = YES;
				CLANG_ENABLE_OBJC_WEAK = YES;
				CLANG_WARN_BLOCK_CAPTURE_AUTORELEASING = YES;
				CLANG_WARN_BOOL_CONVERSION = YES;
				CLANG_WARN_COMMA = YES;
				CLANG_WARN_CONSTANT_CONVERSION = YES;
				CLANG_WARN_DEPRECATED_OBJC_IMPLEMENTATIONS = YES;
				CLANG_WARN_DIRECT_OBJC_ISA_USAGE = YES_ERROR;
				CLANG_WARN_DOCUMENTATION_COMMENTS = YES;
				CLANG_WARN_EMPTY_BODY = YES;
				CLANG_WARN_ENUM_CONVERSION = YES;
				CLANG_WARN_INFINITE_RECURSION = YES;
				CLANG_WARN_INT_CONVERSION = YES;
				CLANG_WARN_NON_LITERAL_NULL_CONVERSION = YES;
				CLANG_WARN_OBJC_IMPLICIT_RETAIN_SELF = YES;
				CLANG_WARN_OBJC_LITERAL_CONVERSION = YES;
				CLANG_WARN_OBJC_ROOT_CLASS = YES_ERROR;
				CLANG_WARN_QUOTED_INCLUDE_IN_FRAMEWORK_HEADER = YES;
				CLANG_WARN_RANGE_LOOP_ANALYSIS = YES;
				CLANG_WARN_STRICT_PROTOTYPES = YES;
				CLANG_WARN_SUSPICIOUS_MOVE = YES;
				CLANG_WARN_UNGUARDED_AVAILABILITY = YES_AGGRESSIVE;
				CLANG_WARN_UNREACHABLE_CODE = YES;
				CLANG_WARN__DUPLICATE_METHOD_MATCH = YES;
				COPY_PHASE_STRIP = NO;
				DEBUG_INFORMATION_FORMAT = "dwarf-with-dsym";
				ENABLE_NS_ASSERTIONS = NO;
				ENABLE_STRICT_OBJC_MSGSEND = YES;
				ENABLE_USER_SCRIPT_SANDBOXING = YES;
				GCC_C_LANGUAGE_STANDARD = gnu17;
				GCC_NO_COMMON_BLOCKS = YES;
				GCC_WARN_64_TO_32_BIT_CONVERSION = YES;
				GCC_WARN_ABOUT_RETURN_TYPE = YES_ERROR;
				GCC_WARN_UNDECLARED_SELECTOR = YES;
				GCC_WARN_UNINITIALIZED_AUTOS = YES_AGGRESSIVE;
				GCC_WARN_UNUSED_FUNCTION = YES;
				GCC_WARN_UNUSED_VARIABLE = YES;
				IPHONEOS_DEPLOYMENT_TARGET = 17.0;
				LOCALIZATION_PREFERS_STRING_CATALOGS = YES;
				MTL_ENABLE_DEBUG_INFO = NO;
				MTL_FAST_MATH = YES;
				SDKROOT = iphoneos;
				SWIFT_COMPILATION_MODE = wholemodule;
				VALIDATE_PRODUCT = YES;
			};
			name = Release;
		};
		A0CDEDEE2B1DD51A006F7AD8 /* Debug */ = {
			isa = XCBuildConfiguration;
			buildSettings = {
				ASSETCATALOG_COMPILER_APPICON_NAME = AppIcon;
				ASSETCATALOG_COMPILER_GLOBAL_ACCENT_COLOR_NAME = AccentColor;
				CODE_SIGN_STYLE = Automatic;
				CURRENT_PROJECT_VERSION = 1;
				DEVELOPMENT_TEAM = X6PRJW82M3;
				GENERATE_INFOPLIST_FILE = YES;
				INFOPLIST_FILE = GameTest/Info.plist;
				INFOPLIST_KEY_UIApplicationSupportsIndirectInputEvents = YES;
				INFOPLIST_KEY_UILaunchStoryboardName = LaunchScreen;
				INFOPLIST_KEY_UIMainStoryboardFile = Main;
				INFOPLIST_KEY_UIStatusBarHidden = YES;
				INFOPLIST_KEY_UISupportedInterfaceOrientations = "UIInterfaceOrientationLandscapeLeft UIInterfaceOrientationLandscapeRight";
				INFOPLIST_KEY_UISupportedInterfaceOrientations_iPad = "UIInterfaceOrientationLandscapeLeft UIInterfaceOrientationLandscapeRight UIInterfaceOrientationPortrait UIInterfaceOrientationPortraitUpsideDown";
				LD_RUNPATH_SEARCH_PATHS = (
					"$(inherited)",
					"@executable_path/Frameworks",
				);
				MARKETING_VERSION = 1.0;
				PRODUCT_BUNDLE_IDENTIFIER = lucgar.GameTest;
				PRODUCT_NAME = "$(TARGET_NAME)";
				SWIFT_EMIT_LOC_STRINGS = YES;
				SWIFT_VERSION = 5.0;
				TARGETED_DEVICE_FAMILY = "1,2";
			};
			name = Debug;
		};
		A0CDEDEF2B1DD51A006F7AD8 /* Release */ = {
			isa = XCBuildConfiguration;
			buildSettings = {
				ASSETCATALOG_COMPILER_APPICON_NAME = AppIcon;
				ASSETCATALOG_COMPILER_GLOBAL_ACCENT_COLOR_NAME = AccentColor;
				CODE_SIGN_STYLE = Automatic;
				CURRENT_PROJECT_VERSION = 1;
				DEVELOPMENT_TEAM = X6PRJW82M3;
				GENERATE_INFOPLIST_FILE = YES;
				INFOPLIST_FILE = GameTest/Info.plist;
				INFOPLIST_KEY_UIApplicationSupportsIndirectInputEvents = YES;
				INFOPLIST_KEY_UILaunchStoryboardName = LaunchScreen;
				INFOPLIST_KEY_UIMainStoryboardFile = Main;
				INFOPLIST_KEY_UIStatusBarHidden = YES;
				INFOPLIST_KEY_UISupportedInterfaceOrientations = "UIInterfaceOrientationLandscapeLeft UIInterfaceOrientationLandscapeRight";
				INFOPLIST_KEY_UISupportedInterfaceOrientations_iPad = "UIInterfaceOrientationLandscapeLeft UIInterfaceOrientationLandscapeRight UIInterfaceOrientationPortrait UIInterfaceOrientationPortraitUpsideDown";
				LD_RUNPATH_SEARCH_PATHS = (
					"$(inherited)",
					"@executable_path/Frameworks",
				);
				MARKETING_VERSION = 1.0;
				PRODUCT_BUNDLE_IDENTIFIER = lucgar.GameTest;
				PRODUCT_NAME = "$(TARGET_NAME)";
				SWIFT_EMIT_LOC_STRINGS = YES;
				SWIFT_VERSION = 5.0;
				TARGETED_DEVICE_FAMILY = "1,2";
			};
			name = Release;
		};
		A0CDEDF12B1DD51A006F7AD8 /* Debug */ = {
			isa = XCBuildConfiguration;
			buildSettings = {
				ALWAYS_EMBED_SWIFT_STANDARD_LIBRARIES = YES;
				BUNDLE_LOADER = "$(TEST_HOST)";
				CODE_SIGN_STYLE = Automatic;
				CURRENT_PROJECT_VERSION = 1;
				DEVELOPMENT_TEAM = X6PRJW82M3;
				GENERATE_INFOPLIST_FILE = YES;
				IPHONEOS_DEPLOYMENT_TARGET = 17.0;
				MARKETING_VERSION = 1.0;
				PRODUCT_BUNDLE_IDENTIFIER = lucgar.GameTestTests;
				PRODUCT_NAME = "$(TARGET_NAME)";
				SWIFT_EMIT_LOC_STRINGS = NO;
				SWIFT_VERSION = 5.0;
				TARGETED_DEVICE_FAMILY = "1,2";
				TEST_HOST = "$(BUILT_PRODUCTS_DIR)/GameTest.app/$(BUNDLE_EXECUTABLE_FOLDER_PATH)/GameTest";
			};
			name = Debug;
		};
		A0CDEDF22B1DD51A006F7AD8 /* Release */ = {
			isa = XCBuildConfiguration;
			buildSettings = {
				ALWAYS_EMBED_SWIFT_STANDARD_LIBRARIES = YES;
				BUNDLE_LOADER = "$(TEST_HOST)";
				CODE_SIGN_STYLE = Automatic;
				CURRENT_PROJECT_VERSION = 1;
				DEVELOPMENT_TEAM = X6PRJW82M3;
				GENERATE_INFOPLIST_FILE = YES;
				IPHONEOS_DEPLOYMENT_TARGET = 17.0;
				MARKETING_VERSION = 1.0;
				PRODUCT_BUNDLE_IDENTIFIER = lucgar.GameTestTests;
				PRODUCT_NAME = "$(TARGET_NAME)";
				SWIFT_EMIT_LOC_STRINGS = NO;
				SWIFT_VERSION = 5.0;
				TARGETED_DEVICE_FAMILY = "1,2";
				TEST_HOST = "$(BUILT_PRODUCTS_DIR)/GameTest.app/$(BUNDLE_EXECUTABLE_FOLDER_PATH)/GameTest";
			};
			name = Release;
		};
		A0CDEDF42B1DD51A006F7AD8 /* Debug */ = {
			isa = XCBuildConfiguration;
			buildSettings = {
				ALWAYS_EMBED_SWIFT_STANDARD_LIBRARIES = YES;
				CODE_SIGN_STYLE = Automatic;
				CURRENT_PROJECT_VERSION = 1;
				DEVELOPMENT_TEAM = X6PRJW82M3;
				GENERATE_INFOPLIST_FILE = YES;
				MARKETING_VERSION = 1.0;
				PRODUCT_BUNDLE_IDENTIFIER = lucgar.GameTestUITests;
				PRODUCT_NAME = "$(TARGET_NAME)";
				SWIFT_EMIT_LOC_STRINGS = NO;
				SWIFT_VERSION = 5.0;
				TARGETED_DEVICE_FAMILY = "1,2";
				TEST_TARGET_NAME = GameTest;
			};
			name = Debug;
		};
		A0CDEDF52B1DD51A006F7AD8 /* Release */ = {
			isa = XCBuildConfiguration;
			buildSettings = {
				ALWAYS_EMBED_SWIFT_STANDARD_LIBRARIES = YES;
				CODE_SIGN_STYLE = Automatic;
				CURRENT_PROJECT_VERSION = 1;
				DEVELOPMENT_TEAM = X6PRJW82M3;
				GENERATE_INFOPLIST_FILE = YES;
				MARKETING_VERSION = 1.0;
				PRODUCT_BUNDLE_IDENTIFIER = lucgar.GameTestUITests;
				PRODUCT_NAME = "$(TARGET_NAME)";
				SWIFT_EMIT_LOC_STRINGS = NO;
				SWIFT_VERSION = 5.0;
				TARGETED_DEVICE_FAMILY = "1,2";
				TEST_TARGET_NAME = GameTest;
			};
			name = Release;
		};
/* End XCBuildConfiguration section */

/* Begin XCConfigurationList section */
		A0CDEDBB2B1DD519006F7AD8 /* Build configuration list for PBXProject "GameTest" */ = {
			isa = XCConfigurationList;
			buildConfigurations = (
				A0CDEDEB2B1DD51A006F7AD8 /* Debug */,
				A0CDEDEC2B1DD51A006F7AD8 /* Release */,
			);
			defaultConfigurationIsVisible = 0;
			defaultConfigurationName = Release;
		};
		A0CDEDED2B1DD51A006F7AD8 /* Build configuration list for PBXNativeTarget "GameTest" */ = {
			isa = XCConfigurationList;
			buildConfigurations = (
				A0CDEDEE2B1DD51A006F7AD8 /* Debug */,
				A0CDEDEF2B1DD51A006F7AD8 /* Release */,
			);
			defaultConfigurationIsVisible = 0;
			defaultConfigurationName = Release;
		};
		A0CDEDF02B1DD51A006F7AD8 /* Build configuration list for PBXNativeTarget "GameTestTests" */ = {
			isa = XCConfigurationList;
			buildConfigurations = (
				A0CDEDF12B1DD51A006F7AD8 /* Debug */,
				A0CDEDF22B1DD51A006F7AD8 /* Release */,
			);
			defaultConfigurationIsVisible = 0;
			defaultConfigurationName = Release;
		};
		A0CDEDF32B1DD51A006F7AD8 /* Build configuration list for PBXNativeTarget "GameTestUITests" */ = {
			isa = XCConfigurationList;
			buildConfigurations = (
				A0CDEDF42B1DD51A006F7AD8 /* Debug */,
				A0CDEDF52B1DD51A006F7AD8 /* Release */,
			);
			defaultConfigurationIsVisible = 0;
			defaultConfigurationName = Release;
		};
/* End XCConfigurationList section */
	};
	rootObject = A0CDEDB82B1DD519006F7AD8 /* Project object */;
}
